
Microsoft Visual Studio Solution File, Format Version 12.00
# Visual Studio Version 17
VisualStudioVersion = 17.11.35312.102
MinimumVisualStudioVersion = 10.0.40219.1
Project("{FAE04EC0-301F-11D3-BF4B-00C04F79EFBC}") = "0", "0\0.csproj", "{63E1740C-BCC6-4CAA-8BDF-5FFA0A6A479F}"
EndProject
Global
	GlobalSection(SolutionConfigurationPlatforms) = preSolution
		Debug|Any CPU = Debug|Any CPU
		Release|Any CPU = Release|Any CPU
	EndGlobalSection
	GlobalSection(ProjectConfigurationPlatforms) = postSolution
		{63E1740C-BCC6-4CAA-8BDF-5FFA0A6A479F}.Debug|Any CPU.ActiveCfg = Debug|Any CPU
		{63E1740C-BCC6-4CAA-8BDF-5FFA0A6A479F}.Debug|Any CPU.Build.0 = Debug|Any CPU
		{63E1740C-BCC6-4CAA-8BDF-5FFA0A6A479F}.Release|Any CPU.ActiveCfg = Release|Any CPU
		{63E1740C-BCC6-4CAA-8BDF-5FFA0A6A479F}.Release|Any CPU.Build.0 = Release|Any CPU
	EndGlobalSection
	GlobalSection(SolutionProperties) = preSolution
		HideSolutionNode = FALSE
	EndGlobalSection
	GlobalSection(ExtensibilityGlobals) = postSolution
		SolutionGuid = {4A3F6CFF-CD97-4DC5-848F-0A9AE03742A6}
	EndGlobalSection
EndGlobal
